
Microsoft Visual Studio Solution File, Format Version 12.00
# Visual Studio Version 17
VisualStudioVersion = 17.2.32630.192
MinimumVisualStudioVersion = 10.0.40219.1
Project("{FAE04EC0-301F-11D3-BF4B-00C04F79EFBC}") = "hello", "hello\hello.csproj", "{DC174233-0B22-4A4C-B02F-09CA20A619A6}"
EndProject
Global
	GlobalSection(SolutionConfigurationPlatforms) = preSolution
		Debug|Any CPU = Debug|Any CPU
		Release|Any CPU = Release|Any CPU
	EndGlobalSection
	GlobalSection(ProjectConfigurationPlatforms) = postSolution
		{DC174233-0B22-4A4C-B02F-09CA20A619A6}.Debug|Any CPU.ActiveCfg = Debug|Any CPU
		{DC174233-0B22-4A4C-B02F-09CA20A619A6}.Debug|Any CPU.Build.0 = Debug|Any CPU
		{DC174233-0B22-4A4C-B02F-09CA20A619A6}.Release|Any CPU.ActiveCfg = Release|Any CPU
		{DC174233-0B22-4A4C-B02F-09CA20A619A6}.Release|Any CPU.Build.0 = Release|Any CPU
	EndGlobalSection
	GlobalSection(SolutionProperties) = preSolution
		HideSolutionNode = FALSE
	EndGlobalSection
	GlobalSection(ExtensibilityGlobals) = postSolution
		SolutionGuid = {F1D0F144-9818-49D4-BA21-EE4B3BD9AEAE}
	EndGlobalSection
EndGlobal
